
Microsoft Visual Studio Solution File, Format Version 12.00
# Visual Studio Version 16
VisualStudioVersion = 16.0.32126.315
MinimumVisualStudioVersion = 10.0.40219.1
Project("{FAE04EC0-301F-11D3-BF4B-00C04F79EFBC}") = "MyLearningApp", "MyLearningApp\MyLearningApp.csproj", "{390B62F8-ECC6-4771-8E5D-F29CF40D05BF}"
EndProject
Global
	GlobalSection(SolutionConfigurationPlatforms) = preSolution
		Debug|Any CPU = Debug|Any CPU
		Release|Any CPU = Release|Any CPU
	EndGlobalSection
	GlobalSection(ProjectConfigurationPlatforms) = postSolution
		{390B62F8-ECC6-4771-8E5D-F29CF40D05BF}.Debug|Any CPU.ActiveCfg = Debug|Any CPU
		{390B62F8-ECC6-4771-8E5D-F29CF40D05BF}.Debug|Any CPU.Build.0 = Debug|Any CPU
		{390B62F8-ECC6-4771-8E5D-F29CF40D05BF}.Release|Any CPU.ActiveCfg = Release|Any CPU
		{390B62F8-ECC6-4771-8E5D-F29CF40D05BF}.Release|Any CPU.Build.0 = Release|Any CPU
	EndGlobalSection
	GlobalSection(SolutionProperties) = preSolution
		HideSolutionNode = FALSE
	EndGlobalSection
	GlobalSection(ExtensibilityGlobals) = postSolution
		SolutionGuid = {5E15DD69-1FFF-435E-8E34-41D51C8FC83C}
	EndGlobalSection
EndGlobal
